
Microsoft Visual Studio Solution File, Format Version 12.00
# Visual Studio 15
VisualStudioVersion = 15.0.27703.2042
MinimumVisualStudioVersion = 10.0.40219.1
Project("{888888A0-9F3D-457C-B088-3A5042F75D52}") = "KuwoDownload", "KuwoDownload\KuwoDownload.pyproj", "{52FCDB09-0610-4BEB-8FDE-8BC77B788FF4}"
EndProject
Global
	GlobalSection(SolutionConfigurationPlatforms) = preSolution
		Debug|Any CPU = Debug|Any CPU
		Release|Any CPU = Release|Any CPU
	EndGlobalSection
	GlobalSection(ProjectConfigurationPlatforms) = postSolution
		{52FCDB09-0610-4BEB-8FDE-8BC77B788FF4}.Debug|Any CPU.ActiveCfg = Debug|Any CPU
		{52FCDB09-0610-4BEB-8FDE-8BC77B788FF4}.Release|Any CPU.ActiveCfg = Release|Any CPU
	EndGlobalSection
	GlobalSection(SolutionProperties) = preSolution
		HideSolutionNode = FALSE
	EndGlobalSection
	GlobalSection(ExtensibilityGlobals) = postSolution
		SolutionGuid = {EA5B7F3E-5137-4182-AEF1-C10E6F07C333}
	EndGlobalSection
EndGlobal
